
Microsoft Visual Studio Solution File, Format Version 10.00
# Visual Studio 2008
Project("{FAE04EC0-301F-11D3-BF4B-00C04F79EFBC}") = "dotTOC", "dotTOC\dotTOC.csproj", "{6C0F3666-4D29-4EA2-9A7C-2BF5A36FD52A}"
EndProject
Project("{FAE04EC0-301F-11D3-BF4B-00C04F79EFBC}") = "WindotTOC", "WindotTOC\WindotTOC.csproj", "{045CA99F-9253-46F3-B6D5-03A7328DF305}"
EndProject
Project("{54435603-DBB4-11D2-8724-00A0C9A8B90C}") = "WindotTOCSetup", "WindotTOC\Setup\WindotTOCSetup.vdproj", "{B98F8F6C-D546-44DF-B911-4DDAC008F4CF}"
EndProject
Global
	GlobalSection(SolutionConfigurationPlatforms) = preSolution
		Debug|Any CPU = Debug|Any CPU
		Release|Any CPU = Release|Any CPU
	EndGlobalSection
	GlobalSection(ProjectConfigurationPlatforms) = postSolution
		{6C0F3666-4D29-4EA2-9A7C-2BF5A36FD52A}.Debug|Any CPU.ActiveCfg = Debug|Any CPU
		{6C0F3666-4D29-4EA2-9A7C-2BF5A36FD52A}.Debug|Any CPU.Build.0 = Debug|Any CPU
		{6C0F3666-4D29-4EA2-9A7C-2BF5A36FD52A}.Release|Any CPU.ActiveCfg = Release|Any CPU
		{6C0F3666-4D29-4EA2-9A7C-2BF5A36FD52A}.Release|Any CPU.Build.0 = Release|Any CPU
		{045CA99F-9253-46F3-B6D5-03A7328DF305}.Debug|Any CPU.ActiveCfg = Debug|Any CPU
		{045CA99F-9253-46F3-B6D5-03A7328DF305}.Debug|Any CPU.Build.0 = Debug|Any CPU
		{045CA99F-9253-46F3-B6D5-03A7328DF305}.Release|Any CPU.ActiveCfg = Release|Any CPU
		{045CA99F-9253-46F3-B6D5-03A7328DF305}.Release|Any CPU.Build.0 = Release|Any CPU
		{B98F8F6C-D546-44DF-B911-4DDAC008F4CF}.Debug|Any CPU.ActiveCfg = Debug
		{B98F8F6C-D546-44DF-B911-4DDAC008F4CF}.Debug|Any CPU.Build.0 = Debug
		{B98F8F6C-D546-44DF-B911-4DDAC008F4CF}.Release|Any CPU.ActiveCfg = Release
		{B98F8F6C-D546-44DF-B911-4DDAC008F4CF}.Release|Any CPU.Build.0 = Release
	EndGlobalSection
	GlobalSection(SolutionProperties) = preSolution
		HideSolutionNode = FALSE
	EndGlobalSection
EndGlobal
