
Microsoft Visual Studio Solution File, Format Version 10.00
# Visual Studio 2008
Project("{FAE04EC0-301F-11D3-BF4B-00C04F79EFBC}") = "ConsoleAim", "ConsoleAim\ConsoleAim.csproj", "{0AEFC058-E702-426C-A855-D964CA211AF9}"
EndProject
Project("{FAE04EC0-301F-11D3-BF4B-00C04F79EFBC}") = "dotTOC", "..\dotTOC\dotTOC.csproj", "{6C0F3666-4D29-4EA2-9A7C-2BF5A36FD52A}"
EndProject
Global
	GlobalSection(SolutionConfigurationPlatforms) = preSolution
		Debug|Any CPU = Debug|Any CPU
		Release|Any CPU = Release|Any CPU
	EndGlobalSection
	GlobalSection(ProjectConfigurationPlatforms) = postSolution
		{0AEFC058-E702-426C-A855-D964CA211AF9}.Debug|Any CPU.ActiveCfg = Debug|Any CPU
		{0AEFC058-E702-426C-A855-D964CA211AF9}.Debug|Any CPU.Build.0 = Debug|Any CPU
		{0AEFC058-E702-426C-A855-D964CA211AF9}.Release|Any CPU.ActiveCfg = Release|Any CPU
		{0AEFC058-E702-426C-A855-D964CA211AF9}.Release|Any CPU.Build.0 = Release|Any CPU
		{6C0F3666-4D29-4EA2-9A7C-2BF5A36FD52A}.Debug|Any CPU.ActiveCfg = Debug|Any CPU
		{6C0F3666-4D29-4EA2-9A7C-2BF5A36FD52A}.Debug|Any CPU.Build.0 = Debug|Any CPU
		{6C0F3666-4D29-4EA2-9A7C-2BF5A36FD52A}.Release|Any CPU.ActiveCfg = Release|Any CPU
		{6C0F3666-4D29-4EA2-9A7C-2BF5A36FD52A}.Release|Any CPU.Build.0 = Release|Any CPU
	EndGlobalSection
	GlobalSection(SolutionProperties) = preSolution
		HideSolutionNode = FALSE
	EndGlobalSection
EndGlobal
